
Microsoft Visual Studio Solution File, Format Version 12.00
# Visual Studio Version 17
VisualStudioVersion = 17.14.37027.9 d17.14
MinimumVisualStudioVersion = 10.0.40219.1
Project("{FAE04EC0-301F-11D3-BF4B-00C04F79EFBC}") = "OpenXRRuntimeSwitcher.Tests", "OpenXRRuntimeSwitcher.Tests.csproj", "{3B041D32-4376-068B-138D-B5C532C6A5E1}"
EndProject
Global
	GlobalSection(SolutionConfigurationPlatforms) = preSolution
		Debug|Any CPU = Debug|Any CPU
		Release|Any CPU = Release|Any CPU
	EndGlobalSection
	GlobalSection(ProjectConfigurationPlatforms) = postSolution
		{3B041D32-4376-068B-138D-B5C532C6A5E1}.Debug|Any CPU.ActiveCfg = Debug|Any CPU
		{3B041D32-4376-068B-138D-B5C532C6A5E1}.Debug|Any CPU.Build.0 = Debug|Any CPU
		{3B041D32-4376-068B-138D-B5C532C6A5E1}.Release|Any CPU.ActiveCfg = Release|Any CPU
		{3B041D32-4376-068B-138D-B5C532C6A5E1}.Release|Any CPU.Build.0 = Release|Any CPU
	EndGlobalSection
	GlobalSection(SolutionProperties) = preSolution
		HideSolutionNode = FALSE
	EndGlobalSection
	GlobalSection(ExtensibilityGlobals) = postSolution
		SolutionGuid = {51150E89-9265-4E6E-B1C5-D6A35492EE62}
	EndGlobalSection
EndGlobal
